
Microsoft Visual Studio Solution File, Format Version 12.00
# Visual Studio Version 17
VisualStudioVersion = 17.0.31903.59
MinimumVisualStudioVersion = 10.0.40219.1
Project("{FAE04EC0-301F-11D3-BF4B-00C04F79EFBC}") = "Lab4z1", "Lab4z1\Lab4z1.csproj", "{4D8AC84D-D939-4DCC-B159-2D82CC82B806}"
EndProject
Global
	GlobalSection(SolutionConfigurationPlatforms) = preSolution
		Debug|Any CPU = Debug|Any CPU
		Release|Any CPU = Release|Any CPU
	EndGlobalSection
	GlobalSection(ProjectConfigurationPlatforms) = postSolution
		{4D8AC84D-D939-4DCC-B159-2D82CC82B806}.Debug|Any CPU.ActiveCfg = Debug|Any CPU
		{4D8AC84D-D939-4DCC-B159-2D82CC82B806}.Debug|Any CPU.Build.0 = Debug|Any CPU
		{4D8AC84D-D939-4DCC-B159-2D82CC82B806}.Release|Any CPU.ActiveCfg = Release|Any CPU
		{4D8AC84D-D939-4DCC-B159-2D82CC82B806}.Release|Any CPU.Build.0 = Release|Any CPU
	EndGlobalSection
	GlobalSection(SolutionProperties) = preSolution
		HideSolutionNode = FALSE
	EndGlobalSection
	GlobalSection(ExtensibilityGlobals) = postSolution
		SolutionGuid = {A4D5B178-AB77-4C4C-A03B-902258B0263F}
	EndGlobalSection
EndGlobal
